
Microsoft Visual Studio Solution File, Format Version 12.00
# Visual Studio 15
VisualStudioVersion = 15.0.27703.2035
MinimumVisualStudioVersion = 10.0.40219.1
Project("{888888A0-9F3D-457C-B088-3A5042F75D52}") = "speedml", "speedml.pyproj", "{5EDB9CD9-F370-48A1-AC15-F40845551E79}"
EndProject
Global
	GlobalSection(SolutionConfigurationPlatforms) = preSolution
		Debug|Any CPU = Debug|Any CPU
		Release|Any CPU = Release|Any CPU
	EndGlobalSection
	GlobalSection(ProjectConfigurationPlatforms) = postSolution
		{5EDB9CD9-F370-48A1-AC15-F40845551E79}.Debug|Any CPU.ActiveCfg = Debug|Any CPU
		{5EDB9CD9-F370-48A1-AC15-F40845551E79}.Release|Any CPU.ActiveCfg = Release|Any CPU
	EndGlobalSection
	GlobalSection(SolutionProperties) = preSolution
		HideSolutionNode = FALSE
	EndGlobalSection
	GlobalSection(ExtensibilityGlobals) = postSolution
		SolutionGuid = {65A6FF8F-4C31-40CE-8F4E-52E5E743227A}
	EndGlobalSection
EndGlobal
